
Microsoft Visual Studio Solution File, Format Version 12.00
# Visual Studio Version 17
VisualStudioVersion = 17.11.35327.3
MinimumVisualStudioVersion = 10.0.40219.1
Project("{9A19103F-16F7-4668-BE54-9A1E7A4F7556}") = "Prototipo1", "Prototipo1\Prototipo1.csproj", "{D74AD64E-3ECA-4CF8-9A22-E2D3B02B5015}"
EndProject
Global
	GlobalSection(SolutionConfigurationPlatforms) = preSolution
		Debug|Any CPU = Debug|Any CPU
		Release|Any CPU = Release|Any CPU
	EndGlobalSection
	GlobalSection(ProjectConfigurationPlatforms) = postSolution
		{D74AD64E-3ECA-4CF8-9A22-E2D3B02B5015}.Debug|Any CPU.ActiveCfg = Debug|Any CPU
		{D74AD64E-3ECA-4CF8-9A22-E2D3B02B5015}.Debug|Any CPU.Build.0 = Debug|Any CPU
		{D74AD64E-3ECA-4CF8-9A22-E2D3B02B5015}.Release|Any CPU.ActiveCfg = Release|Any CPU
		{D74AD64E-3ECA-4CF8-9A22-E2D3B02B5015}.Release|Any CPU.Build.0 = Release|Any CPU
	EndGlobalSection
	GlobalSection(SolutionProperties) = preSolution
		HideSolutionNode = FALSE
	EndGlobalSection
	GlobalSection(ExtensibilityGlobals) = postSolution
		SolutionGuid = {1E5866B0-641F-485E-ACF4-87FB1930EC0D}
	EndGlobalSection
EndGlobal
